
Microsoft Visual Studio Solution File, Format Version 12.00
# Visual Studio Version 17
VisualStudioVersion = 17.2.32526.322
MinimumVisualStudioVersion = 10.0.40219.1
Project("{9A19103F-16F7-4668-BE54-9A1E7A4F7556}") = "OOAD - Projektat - G3", "OOAD - Projektat - G3\OOAD - Projektat - G3.csproj", "{0CE11B45-9733-41C9-B98B-C541F77D38B0}"
EndProject
Global
	GlobalSection(SolutionConfigurationPlatforms) = preSolution
		Debug|Any CPU = Debug|Any CPU
		Release|Any CPU = Release|Any CPU
	EndGlobalSection
	GlobalSection(ProjectConfigurationPlatforms) = postSolution
		{0CE11B45-9733-41C9-B98B-C541F77D38B0}.Debug|Any CPU.ActiveCfg = Debug|Any CPU
		{0CE11B45-9733-41C9-B98B-C541F77D38B0}.Debug|Any CPU.Build.0 = Debug|Any CPU
		{0CE11B45-9733-41C9-B98B-C541F77D38B0}.Release|Any CPU.ActiveCfg = Release|Any CPU
		{0CE11B45-9733-41C9-B98B-C541F77D38B0}.Release|Any CPU.Build.0 = Release|Any CPU
	EndGlobalSection
	GlobalSection(SolutionProperties) = preSolution
		HideSolutionNode = FALSE
	EndGlobalSection
	GlobalSection(ExtensibilityGlobals) = postSolution
		SolutionGuid = {539430C0-80CC-43B5-BAE0-066BC2D627EA}
	EndGlobalSection
EndGlobal
